// !$*UTF8*$!
{
	archiveVersion = 1;
	classes = {
	};
	objectVersion = 46;
	objects = {

/* Begin PBXBuildFile section */
		0A77E99F1CC8BA1800586BC3 /* main.m in Sources */ = {isa = PBXBuildFile; fileRef = 0A77E99E1CC8BA1800586BC3 /* main.m */; };
		0A77E9A21CC8BA1800586BC3 /* AppDelegate.m in Sources */ = {isa = PBXBuildFile; fileRef = 0A77E9A11CC8BA1800586BC3 /* AppDelegate.m */; };
		0A77E9A51CC8BA1800586BC3 /* ViewController.m in Sources */ = {isa = PBXBuildFile; fileRef = 0A77E9A41CC8BA1800586BC3 /* ViewController.m */; };
		0A77E9A81CC8BA1800586BC3 /* Main.storyboard in Resources */ = {isa = PBXBuildFile; fileRef = 0A77E9A61CC8BA1800586BC3 /* Main.storyboard */; };
		0A77E9AA1CC8BA1800586BC3 /* Assets.xcassets in Resources */ = {isa = PBXBuildFile; fileRef = 0A77E9A91CC8BA1800586BC3 /* Assets.xcassets */; };
		0A77E9AD1CC8BA1800586BC3 /* LaunchScreen.storyboard in Resources */ = {isa = PBXBuildFile; fileRef = 0A77E9AB1CC8BA1800586BC3 /* LaunchScreen.storyboard */; };
		0A77E9B81CC8BA1900586BC3 /* PayDemoTests.m in Sources */ = {isa = PBXBuildFile; fileRef = 0A77E9B71CC8BA1900586BC3 /* PayDemoTests.m */; };
		0A77E9C31CC8BA1900586BC3 /* PayDemoUITests.m in Sources */ = {isa = PBXBuildFile; fileRef = 0A77E9C21CC8BA1900586BC3 /* PayDemoUITests.m */; };
		0A77E9D91CC8BAFC00586BC3 /* libWeChatSDK.a in Frameworks */ = {isa = PBXBuildFile; fileRef = 0A77E9D31CC8BAFC00586BC3 /* libWeChatSDK.a */; };
		0A77E9DA1CC8BAFC00586BC3 /* read_me.txt in Resources */ = {isa = PBXBuildFile; fileRef = 0A77E9D41CC8BAFC00586BC3 /* read_me.txt */; };
		0A77E9DB1CC8BAFC00586BC3 /* WXUtil.mm in Sources */ = {isa = PBXBuildFile; fileRef = 0A77E9D81CC8BAFC00586BC3 /* WXUtil.mm */; };
		0A77EABD1CC8BE0B00586BC3 /* libc++.tbd in Frameworks */ = {isa = PBXBuildFile; fileRef = 0A77EABC1CC8BE0B00586BC3 /* libc++.tbd */; };
		0A77EABF1CC8BE1200586BC3 /* libz.tbd in Frameworks */ = {isa = PBXBuildFile; fileRef = 0A77EABE1CC8BE1200586BC3 /* libz.tbd */; };
		0A77EAC11CC8BE2400586BC3 /* SystemConfiguration.framework in Frameworks */ = {isa = PBXBuildFile; fileRef = 0A77EAC01CC8BE2400586BC3 /* SystemConfiguration.framework */; };
		0A77EAC31CC8BE2F00586BC3 /* CoreTelephony.framework in Frameworks */ = {isa = PBXBuildFile; fileRef = 0A77EAC21CC8BE2F00586BC3 /* CoreTelephony.framework */; };
		0A77EAC51CC8BE3900586BC3 /* QuartzCore.framework in Frameworks */ = {isa = PBXBuildFile; fileRef = 0A77EAC41CC8BE3900586BC3 /* QuartzCore.framework */; };
		0A77EAC71CC8BE4100586BC3 /* CoreText.framework in Frameworks */ = {isa = PBXBuildFile; fileRef = 0A77EAC61CC8BE4100586BC3 /* CoreText.framework */; };
		0A77EAC91CC8BE4D00586BC3 /* CoreGraphics.framework in Frameworks */ = {isa = PBXBuildFile; fileRef = 0A77EAC81CC8BE4D00586BC3 /* CoreGraphics.framework */; };
		0A77EACB1CC8BE5400586BC3 /* UIKit.framework in Frameworks */ = {isa = PBXBuildFile; fileRef = 0A77EACA1CC8BE5400586BC3 /* UIKit.framework */; };
		0A77EACD1CC8BE5C00586BC3 /* Foundation.framework in Frameworks */ = {isa = PBXBuildFile; fileRef = 0A77EACC1CC8BE5C00586BC3 /* Foundation.framework */; };
		0A77EACF1CC8BE6400586BC3 /* CFNetwork.framework in Frameworks */ = {isa = PBXBuildFile; fileRef = 0A77EACE1CC8BE6400586BC3 /* CFNetwork.framework */; };
		0A77EAD11CC8BE6E00586BC3 /* CoreMotion.framework in Frameworks */ = {isa = PBXBuildFile; fileRef = 0A77EAD01CC8BE6E00586BC3 /* CoreMotion.framework */; };
		0A77EB371CC8C49A00586BC3 /* AlipaySDK.bundle in Resources */ = {isa = PBXBuildFile; fileRef = 0A77EAD51CC8C49A00586BC3 /* AlipaySDK.bundle */; };
		0A77EB381CC8C49A00586BC3 /* AlipaySDK.framework in Frameworks */ = {isa = PBXBuildFile; fileRef = 0A77EAD61CC8C49A00586BC3 /* AlipaySDK.framework */; };
		0A77EB391CC8C49A00586BC3 /* libcrypto.a in Frameworks */ = {isa = PBXBuildFile; fileRef = 0A77EAD71CC8C49A00586BC3 /* libcrypto.a */; };
		0A77EB3A1CC8C49A00586BC3 /* libssl.a in Frameworks */ = {isa = PBXBuildFile; fileRef = 0A77EAD81CC8C49A00586BC3 /* libssl.a */; };
		0A77EB3B1CC8C49A00586BC3 /* base64.m in Sources */ = {isa = PBXBuildFile; fileRef = 0A77EB271CC8C49A00586BC3 /* base64.m */; };
		0A77EB3C1CC8C49A00586BC3 /* DataSigner.m in Sources */ = {isa = PBXBuildFile; fileRef = 0A77EB2A1CC8C49A00586BC3 /* DataSigner.m */; };
		0A77EB3D1CC8C49A00586BC3 /* DataVerifier.m in Sources */ = {isa = PBXBuildFile; fileRef = 0A77EB2C1CC8C49A00586BC3 /* DataVerifier.m */; };
		0A77EB3E1CC8C49A00586BC3 /* MD5DataSigner.m in Sources */ = {isa = PBXBuildFile; fileRef = 0A77EB2E1CC8C49A00586BC3 /* MD5DataSigner.m */; };
		0A77EB3F1CC8C49A00586BC3 /* NSDataEx.m in Sources */ = {isa = PBXBuildFile; fileRef = 0A77EB301CC8C49A00586BC3 /* NSDataEx.m */; };
		0A77EB401CC8C49A00586BC3 /* openssl_wrapper.m in Sources */ = {isa = PBXBuildFile; fileRef = 0A77EB321CC8C49A00586BC3 /* openssl_wrapper.m */; };
		0A77EB411CC8C49A00586BC3 /* RSADataSigner.m in Sources */ = {isa = PBXBuildFile; fileRef = 0A77EB341CC8C49A00586BC3 /* RSADataSigner.m */; };
		0A77EB421CC8C49A00586BC3 /* RSADataVerifier.m in Sources */ = {isa = PBXBuildFile; fileRef = 0A77EB361CC8C49A00586BC3 /* RSADataVerifier.m */; };
		0A77EB451CC8CB0A00586BC3 /* Order.m in Sources */ = {isa = PBXBuildFile; fileRef = 0A77EB441CC8CB0A00586BC3 /* Order.m */; };
		0A77EB481CC8CC4F00586BC3 /* Product.m in Sources */ = {isa = PBXBuildFile; fileRef = 0A77EB471CC8CC4F00586BC3 /* Product.m */; };
		0A77EB4B1CC8CE0D00586BC3 /* payRequsestHandler.m in Sources */ = {isa = PBXBuildFile; fileRef = 0A77EB4A1CC8CE0D00586BC3 /* payRequsestHandler.m */; settings = {COMPILER_FLAGS = "-fno-objc-arc"; }; };
		0A77EB4E1CC8CF2800586BC3 /* XMLHelper.m in Sources */ = {isa = PBXBuildFile; fileRef = 0A77EB4D1CC8CF2800586BC3 /* XMLHelper.m */; settings = {COMPILER_FLAGS = "-fno-objc-arc"; }; };
		0A77EB501CC8D4F400586BC3 /* libsqlite3.tbd in Frameworks */ = {isa = PBXBuildFile; fileRef = 0A77EB4F1CC8D4F400586BC3 /* libsqlite3.tbd */; };
		0ADB645D1CCF50430071FA04 /* LocalAuthentication.framework in Frameworks */ = {isa = PBXBuildFile; fileRef = 0ADB645C1CCF50430071FA04 /* LocalAuthentication.framework */; };
		0ADB64641CCF55040071FA04 /* libPaymentControl.a in Frameworks */ = {isa = PBXBuildFile; fileRef = 0ADB64631CCF55040071FA04 /* libPaymentControl.a */; };
		0ADB64671CCF566D0071FA04 /* public_product.key in Resources */ = {isa = PBXBuildFile; fileRef = 0ADB64651CCF566D0071FA04 /* public_product.key */; };
		0ADB64681CCF566D0071FA04 /* public_test.key in Resources */ = {isa = PBXBuildFile; fileRef = 0ADB64661CCF566D0071FA04 /* public_test.key */; };
		0ADB646B1CCF57440071FA04 /* RSA.m in Sources */ = {isa = PBXBuildFile; fileRef = 0ADB646A1CCF57440071FA04 /* RSA.m */; };
		CE7AD74080628FE8D4C1F1DB /* libPods.a in Frameworks */ = {isa = PBXBuildFile; fileRef = 9E8C95C10C4EC38B0EDA9D21 /* libPods.a */; };
/* End PBXBuildFile section */

/* Begin PBXContainerItemProxy section */
		0A77E9B41CC8BA1900586BC3 /* PBXContainerItemProxy */ = {
			isa = PBXContainerItemProxy;
			containerPortal = 0A77E9921CC8BA1800586BC3 /* Project object */;
			proxyType = 1;
			remoteGlobalIDString = 0A77E9991CC8BA1800586BC3;
			remoteInfo = PayDemo;
		};
		0A77E9BF1CC8BA1900586BC3 /* PBXContainerItemProxy */ = {
			isa = PBXContainerItemProxy;
			containerPortal = 0A77E9921CC8BA1800586BC3 /* Project object */;
			proxyType = 1;
			remoteGlobalIDString = 0A77E9991CC8BA1800586BC3;
			remoteInfo = PayDemo;
		};
/* End PBXContainerItemProxy section */

/* Begin PBXFileReference section */
		0A495FEC1CCF6C6700CB1730 /* PayDemo.entitlements */ = {isa = PBXFileReference; lastKnownFileType = text.xml; path = PayDemo.entitlements; sourceTree = "<group>"; };
		0A77E99A1CC8BA1800586BC3 /* PayDemo.app */ = {isa = PBXFileReference; explicitFileType = wrapper.application; includeInIndex = 0; path = PayDemo.app; sourceTree = BUILT_PRODUCTS_DIR; };
		0A77E99E1CC8BA1800586BC3 /* main.m */ = {isa = PBXFileReference; lastKnownFileType = sourcecode.c.objc; path = main.m; sourceTree = "<group>"; };
		0A77E9A01CC8BA1800586BC3 /* AppDelegate.h */ = {isa = PBXFileReference; lastKnownFileType = sourcecode.c.h; path = AppDelegate.h; sourceTree = "<group>"; };
		0A77E9A11CC8BA1800586BC3 /* AppDelegate.m */ = {isa = PBXFileReference; lastKnownFileType = sourcecode.c.objc; path = AppDelegate.m; sourceTree = "<group>"; };
		0A77E9A31CC8BA1800586BC3 /* ViewController.h */ = {isa = PBXFileReference; lastKnownFileType = sourcecode.c.h; path = ViewController.h; sourceTree = "<group>"; };
		0A77E9A41CC8BA1800586BC3 /* ViewController.m */ = {isa = PBXFileReference; lastKnownFileType = sourcecode.c.objc; path = ViewController.m; sourceTree = "<group>"; };
		0A77E9A71CC8BA1800586BC3 /* Base */ = {isa = PBXFileReference; lastKnownFileType = file.storyboard; name = Base; path = Base.lproj/Main.storyboard; sourceTree = "<group>"; };
		0A77E9A91CC8BA1800586BC3 /* Assets.xcassets */ = {isa = PBXFileReference; lastKnownFileType = folder.assetcatalog; path = Assets.xcassets; sourceTree = "<group>"; };
		0A77E9AC1CC8BA1800586BC3 /* Base */ = {isa = PBXFileReference; lastKnownFileType = file.storyboard; name = Base; path = Base.lproj/LaunchScreen.storyboard; sourceTree = "<group>"; };
		0A77E9AE1CC8BA1800586BC3 /* Info.plist */ = {isa = PBXFileReference; lastKnownFileType = text.plist.xml; path = Info.plist; sourceTree = "<group>"; };
		0A77E9B31CC8BA1900586BC3 /* PayDemoTests.xctest */ = {isa = PBXFileReference; explicitFileType = wrapper.cfbundle; includeInIndex = 0; path = PayDemoTests.xctest; sourceTree = BUILT_PRODUCTS_DIR; };
		0A77E9B71CC8BA1900586BC3 /* PayDemoTests.m */ = {isa = PBXFileReference; lastKnownFileType = sourcecode.c.objc; path = PayDemoTests.m; sourceTree = "<group>"; };
		0A77E9B91CC8BA1900586BC3 /* Info.plist */ = {isa = PBXFileReference; lastKnownFileType = text.plist.xml; path = Info.plist; sourceTree = "<group>"; };
		0A77E9BE1CC8BA1900586BC3 /* PayDemoUITests.xctest */ = {isa = PBXFileReference; explicitFileType = wrapper.cfbundle; includeInIndex = 0; path = PayDemoUITests.xctest; sourceTree = BUILT_PRODUCTS_DIR; };
		0A77E9C21CC8BA1900586BC3 /* PayDemoUITests.m */ = {isa = PBXFileReference; lastKnownFileType = sourcecode.c.objc; path = PayDemoUITests.m; sourceTree = "<group>"; };
		0A77E9C41CC8BA1900586BC3 /* Info.plist */ = {isa = PBXFileReference; lastKnownFileType = text.plist.xml; path = Info.plist; sourceTree = "<group>"; };
		0A77E9D31CC8BAFC00586BC3 /* libWeChatSDK.a */ = {isa = PBXFileReference; lastKnownFileType = archive.ar; path = libWeChatSDK.a; sourceTree = "<group>"; };
		0A77E9D41CC8BAFC00586BC3 /* read_me.txt */ = {isa = PBXFileReference; fileEncoding = 4; lastKnownFileType = text; path = read_me.txt; sourceTree = "<group>"; };
		0A77E9D51CC8BAFC00586BC3 /* WXApi.h */ = {isa = PBXFileReference; fileEncoding = 4; lastKnownFileType = sourcecode.c.h; path = WXApi.h; sourceTree = "<group>"; };
		0A77E9D61CC8BAFC00586BC3 /* WXApiObject.h */ = {isa = PBXFileReference; fileEncoding = 4; lastKnownFileType = sourcecode.c.h; path = WXApiObject.h; sourceTree = "<group>"; };
		0A77E9D71CC8BAFC00586BC3 /* WXUtil.h */ = {isa = PBXFileReference; fileEncoding = 4; lastKnownFileType = sourcecode.c.h; path = WXUtil.h; sourceTree = "<group>"; };
		0A77E9D81CC8BAFC00586BC3 /* WXUtil.mm */ = {isa = PBXFileReference; fileEncoding = 4; lastKnownFileType = sourcecode.cpp.objcpp; path = WXUtil.mm; sourceTree = "<group>"; };
		0A77EABA1CC8BBF600586BC3 /* Define.h */ = {isa = PBXFileReference; lastKnownFileType = sourcecode.c.h; path = Define.h; sourceTree = "<group>"; };
		0A77EABB1CC8BC1600586BC3 /* PayDemoPrefixHeader.pch */ = {isa = PBXFileReference; lastKnownFileType = sourcecode.c.h; path = PayDemoPrefixHeader.pch; sourceTree = "<group>"; };
		0A77EABC1CC8BE0B00586BC3 /* libc++.tbd */ = {isa = PBXFileReference; lastKnownFileType = "sourcecode.text-based-dylib-definition"; name = "libc++.tbd"; path = "usr/lib/libc++.tbd"; sourceTree = SDKROOT; };
		0A77EABE1CC8BE1200586BC3 /* libz.tbd */ = {isa = PBXFileReference; lastKnownFileType = "sourcecode.text-based-dylib-definition"; name = libz.tbd; path = usr/lib/libz.tbd; sourceTree = SDKROOT; };
		0A77EAC01CC8BE2400586BC3 /* SystemConfiguration.framework */ = {isa = PBXFileReference; lastKnownFileType = wrapper.framework; name = SystemConfiguration.framework; path = System/Library/Frameworks/SystemConfiguration.framework; sourceTree = SDKROOT; };
		0A77EAC21CC8BE2F00586BC3 /* CoreTelephony.framework */ = {isa = PBXFileReference; lastKnownFileType = wrapper.framework; name = CoreTelephony.framework; path = System/Library/Frameworks/CoreTelephony.framework; sourceTree = SDKROOT; };
		0A77EAC41CC8BE3900586BC3 /* QuartzCore.framework */ = {isa = PBXFileReference; lastKnownFileType = wrapper.framework; name = QuartzCore.framework; path = System/Library/Frameworks/QuartzCore.framework; sourceTree = SDKROOT; };
		0A77EAC61CC8BE4100586BC3 /* CoreText.framework */ = {isa = PBXFileReference; lastKnownFileType = wrapper.framework; name = CoreText.framework; path = System/Library/Frameworks/CoreText.framework; sourceTree = SDKROOT; };
		0A77EAC81CC8BE4D00586BC3 /* CoreGraphics.framework */ = {isa = PBXFileReference; lastKnownFileType = wrapper.framework; name = CoreGraphics.framework; path = System/Library/Frameworks/CoreGraphics.framework; sourceTree = SDKROOT; };
		0A77EACA1CC8BE5400586BC3 /* UIKit.framework */ = {isa = PBXFileReference; lastKnownFileType = wrapper.framework; name = UIKit.framework; path = System/Library/Frameworks/UIKit.framework; sourceTree = SDKROOT; };
		0A77EACC1CC8BE5C00586BC3 /* Foundation.framework */ = {isa = PBXFileReference; lastKnownFileType = wrapper.framework; name = Foundation.framework; path = System/Library/Frameworks/Foundation.framework; sourceTree = SDKROOT; };
		0A77EACE1CC8BE6400586BC3 /* CFNetwork.framework */ = {isa = PBXFileReference; lastKnownFileType = wrapper.framework; name = CFNetwork.framework; path = System/Library/Frameworks/CFNetwork.framework; sourceTree = SDKROOT; };
		0A77EAD01CC8BE6E00586BC3 /* CoreMotion.framework */ = {isa = PBXFileReference; lastKnownFileType = wrapper.framework; name = CoreMotion.framework; path = System/Library/Frameworks/CoreMotion.framework; sourceTree = SDKROOT; };
		0A77EAD51CC8C49A00586BC3 /* AlipaySDK.bundle */ = {isa = PBXFileReference; lastKnownFileType = "wrapper.plug-in"; path = AlipaySDK.bundle; sourceTree = "<group>"; };
		0A77EAD61CC8C49A00586BC3 /* AlipaySDK.framework */ = {isa = PBXFileReference; lastKnownFileType = wrapper.framework; path = AlipaySDK.framework; sourceTree = "<group>"; };
		0A77EAD71CC8C49A00586BC3 /* libcrypto.a */ = {isa = PBXFileReference; lastKnownFileType = archive.ar; path = libcrypto.a; sourceTree = "<group>"; };
		0A77EAD81CC8C49A00586BC3 /* libssl.a */ = {isa = PBXFileReference; lastKnownFileType = archive.ar; path = libssl.a; sourceTree = "<group>"; };
		0A77EADA1CC8C49A00586BC3 /* aes.h */ = {isa = PBXFileReference; fileEncoding = 4; lastKnownFileType = sourcecode.c.h; path = aes.h; sourceTree = "<group>"; };
		0A77EADB1CC8C49A00586BC3 /* asn1.h */ = {isa = PBXFileReference; fileEncoding = 4; lastKnownFileType = sourcecode.c.h; path = asn1.h; sourceTree = "<group>"; };
		0A77EADC1CC8C49A00586BC3 /* asn1_mac.h */ = {isa = PBXFileReference; fileEncoding = 4; lastKnownFileType = sourcecode.c.h; path = asn1_mac.h; sourceTree = "<group>"; };
		0A77EADD1CC8C49A00586BC3 /* asn1t.h */ = {isa = PBXFileReference; fileEncoding = 4; lastKnownFileType = sourcecode.c.h; path = asn1t.h; sourceTree = "<group>"; };
		0A77EADE1CC8C49A00586BC3 /* bio.h */ = {isa = PBXFileReference; fileEncoding = 4; lastKnownFileType = sourcecode.c.h; path = bio.h; sourceTree = "<group>"; };
		0A77EADF1CC8C49A00586BC3 /* blowfish.h */ = {isa = PBXFileReference; fileEncoding = 4; lastKnownFileType = sourcecode.c.h; path = blowfish.h; sourceTree = "<group>"; };
		0A77EAE01CC8C49A00586BC3 /* bn.h */ = {isa = PBXFileReference; fileEncoding = 4; lastKnownFileType = sourcecode.c.h; path = bn.h; sourceTree = "<group>"; };
		0A77EAE11CC8C49A00586BC3 /* buffer.h */ = {isa = PBXFileReference; fileEncoding = 4; lastKnownFileType = sourcecode.c.h; path = buffer.h; sourceTree = "<group>"; };
		0A77EAE21CC8C49A00586BC3 /* camellia.h */ = {isa = PBXFileReference; fileEncoding = 4; lastKnownFileType = sourcecode.c.h; path = camellia.h; sourceTree = "<group>"; };
		0A77EAE31CC8C49A00586BC3 /* cast.h */ = {isa = PBXFileReference; fileEncoding = 4; lastKnownFileType = sourcecode.c.h; path = cast.h; sourceTree = "<group>"; };
		0A77EAE41CC8C49A00586BC3 /* cmac.h */ = {isa = PBXFileReference; fileEncoding = 4; lastKnownFileType = sourcecode.c.h; path = cmac.h; sourceTree = "<group>"; };
		0A77EAE51CC8C49A00586BC3 /* cms.h */ = {isa = PBXFileReference; fileEncoding = 4; lastKnownFileType = sourcecode.c.h; path = cms.h; sourceTree = "<group>"; };
		0A77EAE61CC8C49A00586BC3 /* comp.h */ = {isa = PBXFileReference; fileEncoding = 4; lastKnownFileType = sourcecode.c.h; path = comp.h; sourceTree = "<group>"; };
		0A77EAE71CC8C49A00586BC3 /* conf.h */ = {isa = PBXFileReference; fileEncoding = 4; lastKnownFileType = sourcecode.c.h; path = conf.h; sourceTree = "<group>"; };
		0A77EAE81CC8C49A00586BC3 /* conf_api.h */ = {isa = PBXFileReference; fileEncoding = 4; lastKnownFileType = sourcecode.c.h; path = conf_api.h; sourceTree = "<group>"; };
		0A77EAE91CC8C49A00586BC3 /* crypto.h */ = {isa = PBXFileReference; fileEncoding = 4; lastKnownFileType = sourcecode.c.h; path = crypto.h; sourceTree = "<group>"; };
		0A77EAEA1CC8C49A00586BC3 /* des.h */ = {isa = PBXFileReference; fileEncoding = 4; lastKnownFileType = sourcecode.c.h; path = des.h; sourceTree = "<group>"; };
		0A77EAEB1CC8C49A00586BC3 /* des_old.h */ = {isa = PBXFileReference; fileEncoding = 4; lastKnownFileType = sourcecode.c.h; path = des_old.h; sourceTree = "<group>"; };
		0A77EAEC1CC8C49A00586BC3 /* dh.h */ = {isa = PBXFileReference; fileEncoding = 4; lastKnownFileType = sourcecode.c.h; path = dh.h; sourceTree = "<group>"; };
		0A77EAED1CC8C49A00586BC3 /* dsa.h */ = {isa = PBXFileReference; fileEncoding = 4; lastKnownFileType = sourcecode.c.h; path = dsa.h; sourceTree = "<group>"; };
		0A77EAEE1CC8C49A00586BC3 /* dso.h */ = {isa = PBXFileReference; fileEncoding = 4; lastKnownFileType = sourcecode.c.h; path = dso.h; sourceTree = "<group>"; };
		0A77EAEF1CC8C49A00586BC3 /* dtls1.h */ = {isa = PBXFileReference; fileEncoding = 4; lastKnownFileType = sourcecode.c.h; path = dtls1.h; sourceTree = "<group>"; };
		0A77EAF01CC8C49A00586BC3 /* e_os2.h */ = {isa = PBXFileReference; fileEncoding = 4; lastKnownFileType = sourcecode.c.h; path = e_os2.h; sourceTree = "<group>"; };
		0A77EAF11CC8C49A00586BC3 /* ebcdic.h */ = {isa = PBXFileReference; fileEncoding = 4; lastKnownFileType = sourcecode.c.h; path = ebcdic.h; sourceTree = "<group>"; };
		0A77EAF21CC8C49A00586BC3 /* ec.h */ = {isa = PBXFileReference; fileEncoding = 4; lastKnownFileType = sourcecode.c.h; path = ec.h; sourceTree = "<group>"; };
		0A77EAF31CC8C49A00586BC3 /* ecdh.h */ = {isa = PBXFileReference; fileEncoding = 4; lastKnownFileType = sourcecode.c.h; path = ecdh.h; sourceTree = "<group>"; };
		0A77EAF41CC8C49A00586BC3 /* ecdsa.h */ = {isa = PBXFileReference; fileEncoding = 4; lastKnownFileType = sourcecode.c.h; path = ecdsa.h; sourceTree = "<group>"; };
		0A77EAF51CC8C49A00586BC3 /* engine.h */ = {isa = PBXFileReference; fileEncoding = 4; lastKnownFileType = sourcecode.c.h; path = engine.h; sourceTree = "<group>"; };
		0A77EAF61CC8C49A00586BC3 /* err.h */ = {isa = PBXFileReference; fileEncoding = 4; lastKnownFileType = sourcecode.c.h; path = err.h; sourceTree = "<group>"; };
		0A77EAF71CC8C49A00586BC3 /* evp.h */ = {isa = PBXFileReference; fileEncoding = 4; lastKnownFileType = sourcecode.c.h; path = evp.h; sourceTree = "<group>"; };
		0A77EAF81CC8C49A00586BC3 /* hmac.h */ = {isa = PBXFileReference; fileEncoding = 4; lastKnownFileType = sourcecode.c.h; path = hmac.h; sourceTree = "<group>"; };
		0A77EAF91CC8C49A00586BC3 /* idea.h */ = {isa = PBXFileReference; fileEncoding = 4; lastKnownFileType = sourcecode.c.h; path = idea.h; sourceTree = "<group>"; };
		0A77EAFA1CC8C49A00586BC3 /* krb5_asn.h */ = {isa = PBXFileReference; fileEncoding = 4; lastKnownFileType = sourcecode.c.h; path = krb5_asn.h; sourceTree = "<group>"; };
		0A77EAFB1CC8C49A00586BC3 /* kssl.h */ = {isa = PBXFileReference; fileEncoding = 4; lastKnownFileType = sourcecode.c.h; path = kssl.h; sourceTree = "<group>"; };
		0A77EAFC1CC8C49A00586BC3 /* lhash.h */ = {isa = PBXFileReference; fileEncoding = 4; lastKnownFileType = sourcecode.c.h; path = lhash.h; sourceTree = "<group>"; };
		0A77EAFD1CC8C49A00586BC3 /* md4.h */ = {isa = PBXFileReference; fileEncoding = 4; lastKnownFileType = sourcecode.c.h; path = md4.h; sourceTree = "<group>"; };
		0A77EAFE1CC8C49A00586BC3 /* md5.h */ = {isa = PBXFileReference; fileEncoding = 4; lastKnownFileType = sourcecode.c.h; path = md5.h; sourceTree = "<group>"; };
		0A77EAFF1CC8C49A00586BC3 /* mdc2.h */ = {isa = PBXFileReference; fileEncoding = 4; lastKnownFileType = sourcecode.c.h; path = mdc2.h; sourceTree = "<group>"; };
		0A77EB001CC8C49A00586BC3 /* modes.h */ = {isa = PBXFileReference; fileEncoding = 4; lastKnownFileType = sourcecode.c.h; path = modes.h; sourceTree = "<group>"; };
		0A77EB011CC8C49A00586BC3 /* obj_mac.h */ = {isa = PBXFileReference; fileEncoding = 4; lastKnownFileType = sourcecode.c.h; path = obj_mac.h; sourceTree = "<group>"; };
		0A77EB021CC8C49A00586BC3 /* objects.h */ = {isa = PBXFileReference; fileEncoding = 4; lastKnownFileType = sourcecode.c.h; path = objects.h; sourceTree = "<group>"; };
		0A77EB031CC8C49A00586BC3 /* ocsp.h */ = {isa = PBXFileReference; fileEncoding = 4; lastKnownFileType = sourcecode.c.h; path = ocsp.h; sourceTree = "<group>"; };
		0A77EB041CC8C49A00586BC3 /* opensslconf.h */ = {isa = PBXFileReference; fileEncoding = 4; lastKnownFileType = sourcecode.c.h; path = opensslconf.h; sourceTree = "<group>"; };
		0A77EB051CC8C49A00586BC3 /* opensslv.h */ = {isa = PBXFileReference; fileEncoding = 4; lastKnownFileType = sourcecode.c.h; path = opensslv.h; sourceTree = "<group>"; };
		0A77EB061CC8C49A00586BC3 /* ossl_typ.h */ = {isa = PBXFileReference; fileEncoding = 4; lastKnownFileType = sourcecode.c.h; path = ossl_typ.h; sourceTree = "<group>"; };
		0A77EB071CC8C49A00586BC3 /* pem.h */ = {isa = PBXFileReference; fileEncoding = 4; lastKnownFileType = sourcecode.c.h; path = pem.h; sourceTree = "<group>"; };
		0A77EB081CC8C49A00586BC3 /* pem2.h */ = {isa = PBXFileReference; fileEncoding = 4; lastKnownFileType = sourcecode.c.h; path = pem2.h; sourceTree = "<group>"; };
		0A77EB091CC8C49A00586BC3 /* pkcs12.h */ = {isa = PBXFileReference; fileEncoding = 4; lastKnownFileType = sourcecode.c.h; path = pkcs12.h; sourceTree = "<group>"; };
		0A77EB0A1CC8C49A00586BC3 /* pkcs7.h */ = {isa = PBXFileReference; fileEncoding = 4; lastKnownFileType = sourcecode.c.h; path = pkcs7.h; sourceTree = "<group>"; };
		0A77EB0B1CC8C49A00586BC3 /* pqueue.h */ = {isa = PBXFileReference; fileEncoding = 4; lastKnownFileType = sourcecode.c.h; path = pqueue.h; sourceTree = "<group>"; };
		0A77EB0C1CC8C49A00586BC3 /* rand.h */ = {isa = PBXFileReference; fileEncoding = 4; lastKnownFileType = sourcecode.c.h; path = rand.h; sourceTree = "<group>"; };
		0A77EB0D1CC8C49A00586BC3 /* rc2.h */ = {isa = PBXFileReference; fileEncoding = 4; lastKnownFileType = sourcecode.c.h; path = rc2.h; sourceTree = "<group>"; };
		0A77EB0E1CC8C49A00586BC3 /* rc4.h */ = {isa = PBXFileReference; fileEncoding = 4; lastKnownFileType = sourcecode.c.h; path = rc4.h; sourceTree = "<group>"; };
		0A77EB0F1CC8C49A00586BC3 /* ripemd.h */ = {isa = PBXFileReference; fileEncoding = 4; lastKnownFileType = sourcecode.c.h; path = ripemd.h; sourceTree = "<group>"; };
		0A77EB101CC8C49A00586BC3 /* rsa.h */ = {isa = PBXFileReference; fileEncoding = 4; lastKnownFileType = sourcecode.c.h; path = rsa.h; sourceTree = "<group>"; };
		0A77EB111CC8C49A00586BC3 /* safestack.h */ = {isa = PBXFileReference; fileEncoding = 4; lastKnownFileType = sourcecode.c.h; path = safestack.h; sourceTree = "<group>"; };
		0A77EB121CC8C49A00586BC3 /* seed.h */ = {isa = PBXFileReference; fileEncoding = 4; lastKnownFileType = sourcecode.c.h; path = seed.h; sourceTree = "<group>"; };
		0A77EB131CC8C49A00586BC3 /* sha.h */ = {isa = PBXFileReference; fileEncoding = 4; lastKnownFileType = sourcecode.c.h; path = sha.h; sourceTree = "<group>"; };
		0A77EB141CC8C49A00586BC3 /* srp.h */ = {isa = PBXFileReference; fileEncoding = 4; lastKnownFileType = sourcecode.c.h; path = srp.h; sourceTree = "<group>"; };
		0A77EB151CC8C49A00586BC3 /* srtp.h */ = {isa = PBXFileReference; fileEncoding = 4; lastKnownFileType = sourcecode.c.h; path = srtp.h; sourceTree = "<group>"; };
		0A77EB161CC8C49A00586BC3 /* ssl.h */ = {isa = PBXFileReference; fileEncoding = 4; lastKnownFileType = sourcecode.c.h; path = ssl.h; sourceTree = "<group>"; };
		0A77EB171CC8C49A00586BC3 /* ssl2.h */ = {isa = PBXFileReference; fileEncoding = 4; lastKnownFileType = sourcecode.c.h; path = ssl2.h; sourceTree = "<group>"; };
		0A77EB181CC8C49A00586BC3 /* ssl23.h */ = {isa = PBXFileReference; fileEncoding = 4; lastKnownFileType = sourcecode.c.h; path = ssl23.h; sourceTree = "<group>"; };
		0A77EB191CC8C49A00586BC3 /* ssl3.h */ = {isa = PBXFileReference; fileEncoding = 4; lastKnownFileType = sourcecode.c.h; path = ssl3.h; sourceTree = "<group>"; };
		0A77EB1A1CC8C49A00586BC3 /* stack.h */ = {isa = PBXFileReference; fileEncoding = 4; lastKnownFileType = sourcecode.c.h; path = stack.h; sourceTree = "<group>"; };
		0A77EB1B1CC8C49A00586BC3 /* symhacks.h */ = {isa = PBXFileReference; fileEncoding = 4; lastKnownFileType = sourcecode.c.h; path = symhacks.h; sourceTree = "<group>"; };
		0A77EB1C1CC8C49A00586BC3 /* tls1.h */ = {isa = PBXFileReference; fileEncoding = 4; lastKnownFileType = sourcecode.c.h; path = tls1.h; sourceTree = "<group>"; };
		0A77EB1D1CC8C49A00586BC3 /* ts.h */ = {isa = PBXFileReference; fileEncoding = 4; lastKnownFileType = sourcecode.c.h; path = ts.h; sourceTree = "<group>"; };
		0A77EB1E1CC8C49A00586BC3 /* txt_db.h */ = {isa = PBXFileReference; fileEncoding = 4; lastKnownFileType = sourcecode.c.h; path = txt_db.h; sourceTree = "<group>"; };
		0A77EB1F1CC8C49A00586BC3 /* ui.h */ = {isa = PBXFileReference; fileEncoding = 4; lastKnownFileType = sourcecode.c.h; path = ui.h; sourceTree = "<group>"; };
		0A77EB201CC8C49A00586BC3 /* ui_compat.h */ = {isa = PBXFileReference; fileEncoding = 4; lastKnownFileType = sourcecode.c.h; path = ui_compat.h; sourceTree = "<group>"; };
		0A77EB211CC8C49A00586BC3 /* whrlpool.h */ = {isa = PBXFileReference; fileEncoding = 4; lastKnownFileType = sourcecode.c.h; path = whrlpool.h; sourceTree = "<group>"; };
		0A77EB221CC8C49A00586BC3 /* x509.h */ = {isa = PBXFileReference; fileEncoding = 4; lastKnownFileType = sourcecode.c.h; path = x509.h; sourceTree = "<group>"; };
		0A77EB231CC8C49A00586BC3 /* x509_vfy.h */ = {isa = PBXFileReference; fileEncoding = 4; lastKnownFileType = sourcecode.c.h; path = x509_vfy.h; sourceTree = "<group>"; };
		0A77EB241CC8C49A00586BC3 /* x509v3.h */ = {isa = PBXFileReference; fileEncoding = 4; lastKnownFileType = sourcecode.c.h; path = x509v3.h; sourceTree = "<group>"; };
		0A77EB261CC8C49A00586BC3 /* base64.h */ = {isa = PBXFileReference; fileEncoding = 4; lastKnownFileType = sourcecode.c.h; path = base64.h; sourceTree = "<group>"; };
		0A77EB271CC8C49A00586BC3 /* base64.m */ = {isa = PBXFileReference; fileEncoding = 4; lastKnownFileType = sourcecode.c.objc; path = base64.m; sourceTree = "<group>"; };
		0A77EB281CC8C49A00586BC3 /* config.h */ = {isa = PBXFileReference; fileEncoding = 4; lastKnownFileType = sourcecode.c.h; path = config.h; sourceTree = "<group>"; };
		0A77EB291CC8C49A00586BC3 /* DataSigner.h */ = {isa = PBXFileReference; fileEncoding = 4; lastKnownFileType = sourcecode.c.h; path = DataSigner.h; sourceTree = "<group>"; };
		0A77EB2A1CC8C49A00586BC3 /* DataSigner.m */ = {isa = PBXFileReference; fileEncoding = 4; lastKnownFileType = sourcecode.c.objc; path = DataSigner.m; sourceTree = "<group>"; };
		0A77EB2B1CC8C49A00586BC3 /* DataVerifier.h */ = {isa = PBXFileReference; fileEncoding = 4; lastKnownFileType = sourcecode.c.h; path = DataVerifier.h; sourceTree = "<group>"; };
		0A77EB2C1CC8C49A00586BC3 /* DataVerifier.m */ = {isa = PBXFileReference; fileEncoding = 4; lastKnownFileType = sourcecode.c.objc; path = DataVerifier.m; sourceTree = "<group>"; };
		0A77EB2D1CC8C49A00586BC3 /* MD5DataSigner.h */ = {isa = PBXFileReference; fileEncoding = 4; lastKnownFileType = sourcecode.c.h; path = MD5DataSigner.h; sourceTree = "<group>"; };
		0A77EB2E1CC8C49A00586BC3 /* MD5DataSigner.m */ = {isa = PBXFileReference; fileEncoding = 4; lastKnownFileType = sourcecode.c.objc; path = MD5DataSigner.m; sourceTree = "<group>"; };
		0A77EB2F1CC8C49A00586BC3 /* NSDataEx.h */ = {isa = PBXFileReference; fileEncoding = 4; lastKnownFileType = sourcecode.c.h; path = NSDataEx.h; sourceTree = "<group>"; };
		0A77EB301CC8C49A00586BC3 /* NSDataEx.m */ = {isa = PBXFileReference; fileEncoding = 4; lastKnownFileType = sourcecode.c.objc; path = NSDataEx.m; sourceTree = "<group>"; };
		0A77EB311CC8C49A00586BC3 /* openssl_wrapper.h */ = {isa = PBXFileReference; fileEncoding = 4; lastKnownFileType = sourcecode.c.h; path = openssl_wrapper.h; sourceTree = "<group>"; };
		0A77EB321CC8C49A00586BC3 /* openssl_wrapper.m */ = {isa = PBXFileReference; fileEncoding = 4; lastKnownFileType = sourcecode.c.objc; path = openssl_wrapper.m; sourceTree = "<group>"; };
		0A77EB331CC8C49A00586BC3 /* RSADataSigner.h */ = {isa = PBXFileReference; fileEncoding = 4; lastKnownFileType = sourcecode.c.h; path = RSADataSigner.h; sourceTree = "<group>"; };
		0A77EB341CC8C49A00586BC3 /* RSADataSigner.m */ = {isa = PBXFileReference; fileEncoding = 4; lastKnownFileType = sourcecode.c.objc; path = RSADataSigner.m; sourceTree = "<group>"; };
		0A77EB351CC8C49A00586BC3 /* RSADataVerifier.h */ = {isa = PBXFileReference; fileEncoding = 4; lastKnownFileType = sourcecode.c.h; path = RSADataVerifier.h; sourceTree = "<group>"; };
		0A77EB361CC8C49A00586BC3 /* RSADataVerifier.m */ = {isa = PBXFileReference; fileEncoding = 4; lastKnownFileType = sourcecode.c.objc; path = RSADataVerifier.m; sourceTree = "<group>"; };
		0A77EB431CC8CB0A00586BC3 /* Order.h */ = {isa = PBXFileReference; fileEncoding = 4; lastKnownFileType = sourcecode.c.h; path = Order.h; sourceTree = "<group>"; };
		0A77EB441CC8CB0A00586BC3 /* Order.m */ = {isa = PBXFileReference; fileEncoding = 4; lastKnownFileType = sourcecode.c.objc; path = Order.m; sourceTree = "<group>"; };
		0A77EB461CC8CC4F00586BC3 /* Product.h */ = {isa = PBXFileReference; fileEncoding = 4; lastKnownFileType = sourcecode.c.h; path = Product.h; sourceTree = "<group>"; };
		0A77EB471CC8CC4F00586BC3 /* Product.m */ = {isa = PBXFileReference; fileEncoding = 4; lastKnownFileType = sourcecode.c.objc; path = Product.m; sourceTree = "<group>"; };
		0A77EB491CC8CE0D00586BC3 /* payRequsestHandler.h */ = {isa = PBXFileReference; fileEncoding = 4; lastKnownFileType = sourcecode.c.h; path = payRequsestHandler.h; sourceTree = "<group>"; };
		0A77EB4A1CC8CE0D00586BC3 /* payRequsestHandler.m */ = {isa = PBXFileReference; fileEncoding = 4; lastKnownFileType = sourcecode.c.objc; path = payRequsestHandler.m; sourceTree = "<group>"; };
		0A77EB4C1CC8CF2800586BC3 /* XMLHelper.h */ = {isa = PBXFileReference; fileEncoding = 4; lastKnownFileType = sourcecode.c.h; path = XMLHelper.h; sourceTree = "<group>"; };
		0A77EB4D1CC8CF2800586BC3 /* XMLHelper.m */ = {isa = PBXFileReference; fileEncoding = 4; lastKnownFileType = sourcecode.c.objc; path = XMLHelper.m; sourceTree = "<group>"; };
		0A77EB4F1CC8D4F400586BC3 /* libsqlite3.tbd */ = {isa = PBXFileReference; lastKnownFileType = "sourcecode.text-based-dylib-definition"; name = libsqlite3.tbd; path = usr/lib/libsqlite3.tbd; sourceTree = SDKROOT; };
		0ADB645C1CCF50430071FA04 /* LocalAuthentication.framework */ = {isa = PBXFileReference; lastKnownFileType = wrapper.framework; name = LocalAuthentication.framework; path = System/Library/Frameworks/LocalAuthentication.framework; sourceTree = SDKROOT; };
		0ADB64611CCF55040071FA04 /* UPPaymentControl.h */ = {isa = PBXFileReference; fileEncoding = 4; lastKnownFileType = sourcecode.c.h; path = UPPaymentControl.h; sourceTree = "<group>"; };
		0ADB64631CCF55040071FA04 /* libPaymentControl.a */ = {isa = PBXFileReference; lastKnownFileType = archive.ar; path = libPaymentControl.a; sourceTree = "<group>"; };
		0ADB64651CCF566D0071FA04 /* public_product.key */ = {isa = PBXFileReference; fileEncoding = 4; lastKnownFileType = text; path = public_product.key; sourceTree = "<group>"; };
		0ADB64661CCF566D0071FA04 /* public_test.key */ = {isa = PBXFileReference; fileEncoding = 4; lastKnownFileType = text; path = public_test.key; sourceTree = "<group>"; };
		0ADB64691CCF57440071FA04 /* RSA.h */ = {isa = PBXFileReference; fileEncoding = 4; lastKnownFileType = sourcecode.c.h; path = RSA.h; sourceTree = "<group>"; };
		0ADB646A1CCF57440071FA04 /* RSA.m */ = {isa = PBXFileReference; fileEncoding = 4; lastKnownFileType = sourcecode.c.objc; path = RSA.m; sourceTree = "<group>"; };
		251D368264F8F1BAAD63F0F4 /* Pods.release.xcconfig */ = {isa = PBXFileReference; includeInIndex = 1; lastKnownFileType = text.xcconfig; name = Pods.release.xcconfig; path = "Pods/Target Support Files/Pods/Pods.release.xcconfig"; sourceTree = "<group>"; };
		701D9FA5A2AD26DC60E9B698 /* Pods.debug.xcconfig */ = {isa = PBXFileReference; includeInIndex = 1; lastKnownFileType = text.xcconfig; name = Pods.debug.xcconfig; path = "Pods/Target Support Files/Pods/Pods.debug.xcconfig"; sourceTree = "<group>"; };
		9E8C95C10C4EC38B0EDA9D21 /* libPods.a */ = {isa = PBXFileReference; explicitFileType = archive.ar; includeInIndex = 0; path = libPods.a; sourceTree = BUILT_PRODUCTS_DIR; };
/* End PBXFileReference section */

/* Begin PBXFrameworksBuildPhase section */
		0A77E9971CC8BA1800586BC3 /* Frameworks */ = {
			isa = PBXFrameworksBuildPhase;
			buildActionMask = 2147483647;
			files = (
				0A77EACF1CC8BE6400586BC3 /* CFNetwork.framework in Frameworks */,
				0A77EAC91CC8BE4D00586BC3 /* CoreGraphics.framework in Frameworks */,
				0ADB645D1CCF50430071FA04 /* LocalAuthentication.framework in Frameworks */,
				0A77EB501CC8D4F400586BC3 /* libsqlite3.tbd in Frameworks */,
				0A77EAD11CC8BE6E00586BC3 /* CoreMotion.framework in Frameworks */,
				0A77EACD1CC8BE5C00586BC3 /* Foundation.framework in Frameworks */,
				0A77EACB1CC8BE5400586BC3 /* UIKit.framework in Frameworks */,
				0A77EB3A1CC8C49A00586BC3 /* libssl.a in Frameworks */,
				0A77EAC71CC8BE4100586BC3 /* CoreText.framework in Frameworks */,
				0A77EB391CC8C49A00586BC3 /* libcrypto.a in Frameworks */,
				0A77EAC51CC8BE3900586BC3 /* QuartzCore.framework in Frameworks */,
				0A77EAC31CC8BE2F00586BC3 /* CoreTelephony.framework in Frameworks */,
				0A77EAC11CC8BE2400586BC3 /* SystemConfiguration.framework in Frameworks */,
				0A77EABF1CC8BE1200586BC3 /* libz.tbd in Frameworks */,
				0A77EB381CC8C49A00586BC3 /* AlipaySDK.framework in Frameworks */,
				0ADB64641CCF55040071FA04 /* libPaymentControl.a in Frameworks */,
				0A77EABD1CC8BE0B00586BC3 /* libc++.tbd in Frameworks */,
				0A77E9D91CC8BAFC00586BC3 /* libWeChatSDK.a in Frameworks */,
				CE7AD74080628FE8D4C1F1DB /* libPods.a in Frameworks */,
			);
			runOnlyForDeploymentPostprocessing = 0;
		};
		0A77E9B01CC8BA1900586BC3 /* Frameworks */ = {
			isa = PBXFrameworksBuildPhase;
			buildActionMask = 2147483647;
			files = (
			);
			runOnlyForDeploymentPostprocessing = 0;
		};
		0A77E9BB1CC8BA1900586BC3 /* Frameworks */ = {
			isa = PBXFrameworksBuildPhase;
			buildActionMask = 2147483647;
			files = (
			);
			runOnlyForDeploymentPostprocessing = 0;
		};
/* End PBXFrameworksBuildPhase section */

/* Begin PBXGroup section */
		0A77E9911CC8BA1800586BC3 = {
			isa = PBXGroup;
			children = (
				0A77E99C1CC8BA1800586BC3 /* PayDemo */,
				0A77E9B61CC8BA1900586BC3 /* PayDemoTests */,
				0A77E9C11CC8BA1900586BC3 /* PayDemoUITests */,
				0A77E99B1CC8BA1800586BC3 /* Products */,
				4F06F87B76CDC4081616B408 /* Pods */,
				17A20669607E379368E6429C /* Frameworks */,
			);
			sourceTree = "<group>";
		};
		0A77E99B1CC8BA1800586BC3 /* Products */ = {
			isa = PBXGroup;
			children = (
				0A77E99A1CC8BA1800586BC3 /* PayDemo.app */,
				0A77E9B31CC8BA1900586BC3 /* PayDemoTests.xctest */,
				0A77E9BE1CC8BA1900586BC3 /* PayDemoUITests.xctest */,
			);
			name = Products;
			sourceTree = "<group>";
		};
		0A77E99C1CC8BA1800586BC3 /* PayDemo */ = {
			isa = PBXGroup;
			children = (
				0A495FEC1CCF6C6700CB1730 /* PayDemo.entitlements */,
				0A77E9D01CC8BA2D00586BC3 /* Utilitys */,
				0A77E9A01CC8BA1800586BC3 /* AppDelegate.h */,
				0A77E9A11CC8BA1800586BC3 /* AppDelegate.m */,
				0A77E9A31CC8BA1800586BC3 /* ViewController.h */,
				0A77E9A41CC8BA1800586BC3 /* ViewController.m */,
				0ADB64691CCF57440071FA04 /* RSA.h */,
				0ADB646A1CCF57440071FA04 /* RSA.m */,
				0ADB64651CCF566D0071FA04 /* public_product.key */,
				0ADB64661CCF566D0071FA04 /* public_test.key */,
				0A77E9A61CC8BA1800586BC3 /* Main.storyboard */,
				0A77E9A91CC8BA1800586BC3 /* Assets.xcassets */,
				0A77E9AB1CC8BA1800586BC3 /* LaunchScreen.storyboard */,
				0A77E9AE1CC8BA1800586BC3 /* Info.plist */,
				0A77E99D1CC8BA1800586BC3 /* Supporting Files */,
			);
			path = PayDemo;
			sourceTree = "<group>";
		};
		0A77E99D1CC8BA1800586BC3 /* Supporting Files */ = {
			isa = PBXGroup;
			children = (
				0A77EAD21CC8BE9B00586BC3 /* Framework */,
				0A77E99E1CC8BA1800586BC3 /* main.m */,
				0A77EABA1CC8BBF600586BC3 /* Define.h */,
				0A77EABB1CC8BC1600586BC3 /* PayDemoPrefixHeader.pch */,
			);
			name = "Supporting Files";
			sourceTree = "<group>";
		};
		0A77E9B61CC8BA1900586BC3 /* PayDemoTests */ = {
			isa = PBXGroup;
			children = (
				0A77E9B71CC8BA1900586BC3 /* PayDemoTests.m */,
				0A77E9B91CC8BA1900586BC3 /* Info.plist */,
			);
			path = PayDemoTests;
			sourceTree = "<group>";
		};
		0A77E9C11CC8BA1900586BC3 /* PayDemoUITests */ = {
			isa = PBXGroup;
			children = (
				0A77E9C21CC8BA1900586BC3 /* PayDemoUITests.m */,
				0A77E9C41CC8BA1900586BC3 /* Info.plist */,
			);
			path = PayDemoUITests;
			sourceTree = "<group>";
		};
		0A77E9D01CC8BA2D00586BC3 /* Utilitys */ = {
			isa = PBXGroup;
			children = (
				0A77E9D11CC8BA5200586BC3 /* libs */,
				0ADB63DC1CCE1BCF0071FA04 /* AliHelper */,
				0ADB63DB1CCE1BA50071FA04 /* WXHelper */,
			);
			name = Utilitys;
			sourceTree = "<group>";
		};
		0A77E9D11CC8BA5200586BC3 /* libs */ = {
			isa = PBXGroup;
			children = (
				0ADB64551CCF4FB80071FA04 /* UPPaySDK */,
				0A77EAD41CC8C49A00586BC3 /* AliSDK2.0 */,
				0A77E9D21CC8BAFC00586BC3 /* WeChatSDKExport1.6.1 */,
			);
			name = libs;
			sourceTree = "<group>";
		};
		0A77E9D21CC8BAFC00586BC3 /* WeChatSDKExport1.6.1 */ = {
			isa = PBXGroup;
			children = (
				0A77E9D31CC8BAFC00586BC3 /* libWeChatSDK.a */,
				0A77E9D41CC8BAFC00586BC3 /* read_me.txt */,
				0A77E9D51CC8BAFC00586BC3 /* WXApi.h */,
				0A77E9D61CC8BAFC00586BC3 /* WXApiObject.h */,
				0A77E9D71CC8BAFC00586BC3 /* WXUtil.h */,
				0A77E9D81CC8BAFC00586BC3 /* WXUtil.mm */,
			);
			path = WeChatSDKExport1.6.1;
			sourceTree = "<group>";
		};
		0A77EAD21CC8BE9B00586BC3 /* Framework */ = {
			isa = PBXGroup;
			children = (
				0A77EAD01CC8BE6E00586BC3 /* CoreMotion.framework */,
				0A77EACE1CC8BE6400586BC3 /* CFNetwork.framework */,
				0A77EACC1CC8BE5C00586BC3 /* Foundation.framework */,
				0A77EACA1CC8BE5400586BC3 /* UIKit.framework */,
				0A77EAC81CC8BE4D00586BC3 /* CoreGraphics.framework */,
				0A77EAC61CC8BE4100586BC3 /* CoreText.framework */,
				0A77EAC41CC8BE3900586BC3 /* QuartzCore.framework */,
				0A77EAC21CC8BE2F00586BC3 /* CoreTelephony.framework */,
				0A77EAC01CC8BE2400586BC3 /* SystemConfiguration.framework */,
				0A77EABE1CC8BE1200586BC3 /* libz.tbd */,
				0A77EABC1CC8BE0B00586BC3 /* libc++.tbd */,
			);
			name = Framework;
			sourceTree = "<group>";
		};
		0A77EAD41CC8C49A00586BC3 /* AliSDK2.0 */ = {
			isa = PBXGroup;
			children = (
				0A77EAD51CC8C49A00586BC3 /* AlipaySDK.bundle */,
				0A77EAD61CC8C49A00586BC3 /* AlipaySDK.framework */,
				0A77EAD71CC8C49A00586BC3 /* libcrypto.a */,
				0A77EAD81CC8C49A00586BC3 /* libssl.a */,
				0A77EAD91CC8C49A00586BC3 /* openssl */,
				0A77EB251CC8C49A00586BC3 /* Util */,
			);
			path = AliSDK2.0;
			sourceTree = "<group>";
		};
		0A77EAD91CC8C49A00586BC3 /* openssl */ = {
			isa = PBXGroup;
			children = (
				0A77EADA1CC8C49A00586BC3 /* aes.h */,
				0A77EADB1CC8C49A00586BC3 /* asn1.h */,
				0A77EADC1CC8C49A00586BC3 /* asn1_mac.h */,
				0A77EADD1CC8C49A00586BC3 /* asn1t.h */,
				0A77EADE1CC8C49A00586BC3 /* bio.h */,
				0A77EADF1CC8C49A00586BC3 /* blowfish.h */,
				0A77EAE01CC8C49A00586BC3 /* bn.h */,
				0A77EAE11CC8C49A00586BC3 /* buffer.h */,
				0A77EAE21CC8C49A00586BC3 /* camellia.h */,
				0A77EAE31CC8C49A00586BC3 /* cast.h */,
				0A77EAE41CC8C49A00586BC3 /* cmac.h */,
				0A77EAE51CC8C49A00586BC3 /* cms.h */,
				0A77EAE61CC8C49A00586BC3 /* comp.h */,
				0A77EAE71CC8C49A00586BC3 /* conf.h */,
				0A77EAE81CC8C49A00586BC3 /* conf_api.h */,
				0A77EAE91CC8C49A00586BC3 /* crypto.h */,
				0A77EAEA1CC8C49A00586BC3 /* des.h */,
				0A77EAEB1CC8C49A00586BC3 /* des_old.h */,
				0A77EAEC1CC8C49A00586BC3 /* dh.h */,
				0A77EAED1CC8C49A00586BC3 /* dsa.h */,
				0A77EAEE1CC8C49A00586BC3 /* dso.h */,
				0A77EAEF1CC8C49A00586BC3 /* dtls1.h */,
				0A77EAF01CC8C49A00586BC3 /* e_os2.h */,
				0A77EAF11CC8C49A00586BC3 /* ebcdic.h */,
				0A77EAF21CC8C49A00586BC3 /* ec.h */,
				0A77EAF31CC8C49A00586BC3 /* ecdh.h */,
				0A77EAF41CC8C49A00586BC3 /* ecdsa.h */,
				0A77EAF51CC8C49A00586BC3 /* engine.h */,
				0A77EAF61CC8C49A00586BC3 /* err.h */,
				0A77EAF71CC8C49A00586BC3 /* evp.h */,
				0A77EAF81CC8C49A00586BC3 /* hmac.h */,
				0A77EAF91CC8C49A00586BC3 /* idea.h */,
				0A77EAFA1CC8C49A00586BC3 /* krb5_asn.h */,
				0A77EAFB1CC8C49A00586BC3 /* kssl.h */,
				0A77EAFC1CC8C49A00586BC3 /* lhash.h */,
				0A77EAFD1CC8C49A00586BC3 /* md4.h */,
				0A77EAFE1CC8C49A00586BC3 /* md5.h */,
				0A77EAFF1CC8C49A00586BC3 /* mdc2.h */,
				0A77EB001CC8C49A00586BC3 /* modes.h */,
				0A77EB011CC8C49A00586BC3 /* obj_mac.h */,
				0A77EB021CC8C49A00586BC3 /* objects.h */,
				0A77EB031CC8C49A00586BC3 /* ocsp.h */,
				0A77EB041CC8C49A00586BC3 /* opensslconf.h */,
				0A77EB051CC8C49A00586BC3 /* opensslv.h */,
				0A77EB061CC8C49A00586BC3 /* ossl_typ.h */,
				0A77EB071CC8C49A00586BC3 /* pem.h */,
				0A77EB081CC8C49A00586BC3 /* pem2.h */,
				0A77EB091CC8C49A00586BC3 /* pkcs12.h */,
				0A77EB0A1CC8C49A00586BC3 /* pkcs7.h */,
				0A77EB0B1CC8C49A00586BC3 /* pqueue.h */,
				0A77EB0C1CC8C49A00586BC3 /* rand.h */,
				0A77EB0D1CC8C49A00586BC3 /* rc2.h */,
				0A77EB0E1CC8C49A00586BC3 /* rc4.h */,
				0A77EB0F1CC8C49A00586BC3 /* ripemd.h */,
				0A77EB101CC8C49A00586BC3 /* rsa.h */,
				0A77EB111CC8C49A00586BC3 /* safestack.h */,
				0A77EB121CC8C49A00586BC3 /* seed.h */,
				0A77EB131CC8C49A00586BC3 /* sha.h */,
				0A77EB141CC8C49A00586BC3 /* srp.h */,
				0A77EB151CC8C49A00586BC3 /* srtp.h */,
				0A77EB161CC8C49A00586BC3 /* ssl.h */,
				0A77EB171CC8C49A00586BC3 /* ssl2.h */,
				0A77EB181CC8C49A00586BC3 /* ssl23.h */,
				0A77EB191CC8C49A00586BC3 /* ssl3.h */,
				0A77EB1A1CC8C49A00586BC3 /* stack.h */,
				0A77EB1B1CC8C49A00586BC3 /* symhacks.h */,
				0A77EB1C1CC8C49A00586BC3 /* tls1.h */,
				0A77EB1D1CC8C49A00586BC3 /* ts.h */,
				0A77EB1E1CC8C49A00586BC3 /* txt_db.h */,
				0A77EB1F1CC8C49A00586BC3 /* ui.h */,
				0A77EB201CC8C49A00586BC3 /* ui_compat.h */,
				0A77EB211CC8C49A00586BC3 /* whrlpool.h */,
				0A77EB221CC8C49A00586BC3 /* x509.h */,
				0A77EB231CC8C49A00586BC3 /* x509_vfy.h */,
				0A77EB241CC8C49A00586BC3 /* x509v3.h */,
			);
			path = openssl;
			sourceTree = "<group>";
		};
		0A77EB251CC8C49A00586BC3 /* Util */ = {
			isa = PBXGroup;
			children = (
				0A77EB261CC8C49A00586BC3 /* base64.h */,
				0A77EB271CC8C49A00586BC3 /* base64.m */,
				0A77EB281CC8C49A00586BC3 /* config.h */,
				0A77EB291CC8C49A00586BC3 /* DataSigner.h */,
				0A77EB2A1CC8C49A00586BC3 /* DataSigner.m */,
				0A77EB2B1CC8C49A00586BC3 /* DataVerifier.h */,
				0A77EB2C1CC8C49A00586BC3 /* DataVerifier.m */,
				0A77EB2D1CC8C49A00586BC3 /* MD5DataSigner.h */,
				0A77EB2E1CC8C49A00586BC3 /* MD5DataSigner.m */,
				0A77EB2F1CC8C49A00586BC3 /* NSDataEx.h */,
				0A77EB301CC8C49A00586BC3 /* NSDataEx.m */,
				0A77EB311CC8C49A00586BC3 /* openssl_wrapper.h */,
				0A77EB321CC8C49A00586BC3 /* openssl_wrapper.m */,
				0A77EB331CC8C49A00586BC3 /* RSADataSigner.h */,
				0A77EB341CC8C49A00586BC3 /* RSADataSigner.m */,
				0A77EB351CC8C49A00586BC3 /* RSADataVerifier.h */,
				0A77EB361CC8C49A00586BC3 /* RSADataVerifier.m */,
			);
			path = Util;
			sourceTree = "<group>";
		};
		0ADB63DB1CCE1BA50071FA04 /* WXHelper */ = {
			isa = PBXGroup;
			children = (
				0A77EB491CC8CE0D00586BC3 /* payRequsestHandler.h */,
				0A77EB4A1CC8CE0D00586BC3 /* payRequsestHandler.m */,
				0A77EB4C1CC8CF2800586BC3 /* XMLHelper.h */,
				0A77EB4D1CC8CF2800586BC3 /* XMLHelper.m */,
			);
			name = WXHelper;
			sourceTree = "<group>";
		};
		0ADB63DC1CCE1BCF0071FA04 /* AliHelper */ = {
			isa = PBXGroup;
			children = (
				0A77EB431CC8CB0A00586BC3 /* Order.h */,
				0A77EB441CC8CB0A00586BC3 /* Order.m */,
				0A77EB461CC8CC4F00586BC3 /* Product.h */,
				0A77EB471CC8CC4F00586BC3 /* Product.m */,
			);
			name = AliHelper;
			sourceTree = "<group>";
		};
		0ADB64551CCF4FB80071FA04 /* UPPaySDK */ = {
			isa = PBXGroup;
			children = (
				0ADB645F1CCF55040071FA04 /* paymentcontrol */,
			);
			path = UPPaySDK;
			sourceTree = "<group>";
		};
		0ADB645F1CCF55040071FA04 /* paymentcontrol */ = {
			isa = PBXGroup;
			children = (
				0ADB64601CCF55040071FA04 /* inc */,
				0ADB64621CCF55040071FA04 /* libs */,
			);
			name = paymentcontrol;
			path = ../paymentcontrol;
			sourceTree = "<group>";
		};
		0ADB64601CCF55040071FA04 /* inc */ = {
			isa = PBXGroup;
			children = (
				0ADB64611CCF55040071FA04 /* UPPaymentControl.h */,
			);
			path = inc;
			sourceTree = "<group>";
		};
		0ADB64621CCF55040071FA04 /* libs */ = {
			isa = PBXGroup;
			children = (
				0ADB64631CCF55040071FA04 /* libPaymentControl.a */,
			);
			path = libs;
			sourceTree = "<group>";
		};
		17A20669607E379368E6429C /* Frameworks */ = {
			isa = PBXGroup;
			children = (
				0ADB645C1CCF50430071FA04 /* LocalAuthentication.framework */,
				0A77EB4F1CC8D4F400586BC3 /* libsqlite3.tbd */,
				9E8C95C10C4EC38B0EDA9D21 /* libPods.a */,
			);
			name = Frameworks;
			sourceTree = "<group>";
		};
		4F06F87B76CDC4081616B408 /* Pods */ = {
			isa = PBXGroup;
			children = (
				701D9FA5A2AD26DC60E9B698 /* Pods.debug.xcconfig */,
				251D368264F8F1BAAD63F0F4 /* Pods.release.xcconfig */,
			);
			name = Pods;
			sourceTree = "<group>";
		};
/* End PBXGroup section */

/* Begin PBXNativeTarget section */
		0A77E9991CC8BA1800586BC3 /* PayDemo */ = {
			isa = PBXNativeTarget;
			buildConfigurationList = 0A77E9C71CC8BA1900586BC3 /* Build configuration list for PBXNativeTarget "PayDemo" */;
			buildPhases = (
				56CA4540A2B31133EE79DDA0 /* Check Pods Manifest.lock */,
				0A77E9961CC8BA1800586BC3 /* Sources */,
				0A77E9971CC8BA1800586BC3 /* Frameworks */,
				0A77E9981CC8BA1800586BC3 /* Resources */,
				6DF9FE95E68634703D4C0A1E /* Copy Pods Resources */,
			);
			buildRules = (
			);
			dependencies = (
			);
			name = PayDemo;
			productName = PayDemo;
			productReference = 0A77E99A1CC8BA1800586BC3 /* PayDemo.app */;
			productType = "com.apple.product-type.application";
		};
		0A77E9B21CC8BA1900586BC3 /* PayDemoTests */ = {
			isa = PBXNativeTarget;
			buildConfigurationList = 0A77E9CA1CC8BA1900586BC3 /* Build configuration list for PBXNativeTarget "PayDemoTests" */;
			buildPhases = (
				0A77E9AF1CC8BA1900586BC3 /* Sources */,
				0A77E9B01CC8BA1900586BC3 /* Frameworks */,
				0A77E9B11CC8BA1900586BC3 /* Resources */,
			);
			buildRules = (
			);
			dependencies = (
				0A77E9B51CC8BA1900586BC3 /* PBXTargetDependency */,
			);
			name = PayDemoTests;
			productName = PayDemoTests;
			productReference = 0A77E9B31CC8BA1900586BC3 /* PayDemoTests.xctest */;
			productType = "com.apple.product-type.bundle.unit-test";
		};
		0A77E9BD1CC8BA1900586BC3 /* PayDemoUITests */ = {
			isa = PBXNativeTarget;
			buildConfigurationList = 0A77E9CD1CC8BA1900586BC3 /* Build configuration list for PBXNativeTarget "PayDemoUITests" */;
			buildPhases = (
				0A77E9BA1CC8BA1900586BC3 /* Sources */,
				0A77E9BB1CC8BA1900586BC3 /* Frameworks */,
				0A77E9BC1CC8BA1900586BC3 /* Resources */,
			);
			buildRules = (
			);
			dependencies = (
				0A77E9C01CC8BA1900586BC3 /* PBXTargetDependency */,
			);
			name = PayDemoUITests;
			productName = PayDemoUITests;
			productReference = 0A77E9BE1CC8BA1900586BC3 /* PayDemoUITests.xctest */;
			productType = "com.apple.product-type.bundle.ui-testing";
		};
/* End PBXNativeTarget section */

/* Begin PBXProject section */
		0A77E9921CC8BA1800586BC3 /* Project object */ = {
			isa = PBXProject;
			attributes = {
				LastUpgradeCheck = 0720;
				ORGANIZATIONNAME = likeme;
				TargetAttributes = {
					0A77E9991CC8BA1800586BC3 = {
						CreatedOnToolsVersion = 7.2;
						DevelopmentTeam = ZM776R35EV;
						SystemCapabilities = {
							com.apple.BackgroundModes = {
								enabled = 0;
							};
							com.apple.OMC = {
								enabled = 1;
							};
						};
					};
					0A77E9B21CC8BA1900586BC3 = {
						CreatedOnToolsVersion = 7.2;
						TestTargetID = 0A77E9991CC8BA1800586BC3;
					};
					0A77E9BD1CC8BA1900586BC3 = {
						CreatedOnToolsVersion = 7.2;
						TestTargetID = 0A77E9991CC8BA1800586BC3;
					};
				};
			};
			buildConfigurationList = 0A77E9951CC8BA1800586BC3 /* Build configuration list for PBXProject "PayDemo" */;
			compatibilityVersion = "Xcode 3.2";
			developmentRegion = English;
			hasScannedForEncodings = 0;
			knownRegions = (
				en,
				Base,
			);
			mainGroup = 0A77E9911CC8BA1800586BC3;
			productRefGroup = 0A77E99B1CC8BA1800586BC3 /* Products */;
			projectDirPath = "";
			projectRoot = "";
			targets = (
				0A77E9991CC8BA1800586BC3 /* PayDemo */,
				0A77E9B21CC8BA1900586BC3 /* PayDemoTests */,
				0A77E9BD1CC8BA1900586BC3 /* PayDemoUITests */,
			);
		};
/* End PBXProject section */

/* Begin PBXResourcesBuildPhase section */
		0A77E9981CC8BA1800586BC3 /* Resources */ = {
			isa = PBXResourcesBuildPhase;
			buildActionMask = 2147483647;
			files = (
				0A77EB371CC8C49A00586BC3 /* AlipaySDK.bundle in Resources */,
				0A77E9AD1CC8BA1800586BC3 /* LaunchScreen.storyboard in Resources */,
				0A77E9AA1CC8BA1800586BC3 /* Assets.xcassets in Resources */,
				0A77E9DA1CC8BAFC00586BC3 /* read_me.txt in Resources */,
				0ADB64681CCF566D0071FA04 /* public_test.key in Resources */,
				0ADB64671CCF566D0071FA04 /* public_product.key in Resources */,
				0A77E9A81CC8BA1800586BC3 /* Main.storyboard in Resources */,
			);
			runOnlyForDeploymentPostprocessing = 0;
		};
		0A77E9B11CC8BA1900586BC3 /* Resources */ = {
			isa = PBXResourcesBuildPhase;
			buildActionMask = 2147483647;
			files = (
			);
			runOnlyForDeploymentPostprocessing = 0;
		};
		0A77E9BC1CC8BA1900586BC3 /* Resources */ = {
			isa = PBXResourcesBuildPhase;
			buildActionMask = 2147483647;
			files = (
			);
			runOnlyForDeploymentPostprocessing = 0;
		};
/* End PBXResourcesBuildPhase section */

/* Begin PBXShellScriptBuildPhase section */
		56CA4540A2B31133EE79DDA0 /* Check Pods Manifest.lock */ = {
			isa = PBXShellScriptBuildPhase;
			buildActionMask = 2147483647;
			files = (
			);
			inputPaths = (
			);
			name = "Check Pods Manifest.lock";
			outputPaths = (
			);
			runOnlyForDeploymentPostprocessing = 0;
			shellPath = /bin/sh;
			shellScript = "diff \"${PODS_ROOT}/../Podfile.lock\" \"${PODS_ROOT}/Manifest.lock\" > /dev/null\nif [[ $? != 0 ]] ; then\n    cat << EOM\nerror: The sandbox is not in sync with the Podfile.lock. Run 'pod install' or update your CocoaPods installation.\nEOM\n    exit 1\nfi\n";
			showEnvVarsInLog = 0;
		};
		6DF9FE95E68634703D4C0A1E /* Copy Pods Resources */ = {
			isa = PBXShellScriptBuildPhase;
			buildActionMask = 2147483647;
			files = (
			);
			inputPaths = (
			);
			name = "Copy Pods Resources";
			outputPaths = (
			);
			runOnlyForDeploymentPostprocessing = 0;
			shellPath = /bin/sh;
			shellScript = "\"${SRCROOT}/Pods/Target Support Files/Pods/Pods-resources.sh\"\n";
			showEnvVarsInLog = 0;
		};
/* End PBXShellScriptBuildPhase section */

/* Begin PBXSourcesBuildPhase section */
		0A77E9961CC8BA1800586BC3 /* Sources */ = {
			isa = PBXSourcesBuildPhase;
			buildActionMask = 2147483647;
			files = (
				0A77EB3B1CC8C49A00586BC3 /* base64.m in Sources */,
				0A77E9A51CC8BA1800586BC3 /* ViewController.m in Sources */,
				0A77EB3F1CC8C49A00586BC3 /* NSDataEx.m in Sources */,
				0A77EB4B1CC8CE0D00586BC3 /* payRequsestHandler.m in Sources */,
				0A77EB3E1CC8C49A00586BC3 /* MD5DataSigner.m in Sources */,
				0A77EB421CC8C49A00586BC3 /* RSADataVerifier.m in Sources */,
				0A77E9A21CC8BA1800586BC3 /* AppDelegate.m in Sources */,
				0A77EB4E1CC8CF2800586BC3 /* XMLHelper.m in Sources */,
				0A77EB3C1CC8C49A00586BC3 /* DataSigner.m in Sources */,
				0A77EB481CC8CC4F00586BC3 /* Product.m in Sources */,
				0A77EB411CC8C49A00586BC3 /* RSADataSigner.m in Sources */,
				0A77EB451CC8CB0A00586BC3 /* Order.m in Sources */,
				0A77EB401CC8C49A00586BC3 /* openssl_wrapper.m in Sources */,
				0A77E9DB1CC8BAFC00586BC3 /* WXUtil.mm in Sources */,
				0ADB646B1CCF57440071FA04 /* RSA.m in Sources */,
				0A77E99F1CC8BA1800586BC3 /* main.m in Sources */,
				0A77EB3D1CC8C49A00586BC3 /* DataVerifier.m in Sources */,
			);
			runOnlyForDeploymentPostprocessing = 0;
		};
		0A77E9AF1CC8BA1900586BC3 /* Sources */ = {
			isa = PBXSourcesBuildPhase;
			buildActionMask = 2147483647;
			files = (
				0A77E9B81CC8BA1900586BC3 /* PayDemoTests.m in Sources */,
			);
			runOnlyForDeploymentPostprocessing = 0;
		};
		0A77E9BA1CC8BA1900586BC3 /* Sources */ = {
			isa = PBXSourcesBuildPhase;
			buildActionMask = 2147483647;
			files = (
				0A77E9C31CC8BA1900586BC3 /* PayDemoUITests.m in Sources */,
			);
			runOnlyForDeploymentPostprocessing = 0;
		};
/* End PBXSourcesBuildPhase section */

/* Begin PBXTargetDependency section */
		0A77E9B51CC8BA1900586BC3 /* PBXTargetDependency */ = {
			isa = PBXTargetDependency;
			target = 0A77E9991CC8BA1800586BC3 /* PayDemo */;
			targetProxy = 0A77E9B41CC8BA1900586BC3 /* PBXContainerItemProxy */;
		};
		0A77E9C01CC8BA1900586BC3 /* PBXTargetDependency */ = {
			isa = PBXTargetDependency;
			target = 0A77E9991CC8BA1800586BC3 /* PayDemo */;
			targetProxy = 0A77E9BF1CC8BA1900586BC3 /* PBXContainerItemProxy */;
		};
/* End PBXTargetDependency section */

/* Begin PBXVariantGroup section */
		0A77E9A61CC8BA1800586BC3 /* Main.storyboard */ = {
			isa = PBXVariantGroup;
			children = (
				0A77E9A71CC8BA1800586BC3 /* Base */,
			);
			name = Main.storyboard;
			sourceTree = "<group>";
		};
		0A77E9AB1CC8BA1800586BC3 /* LaunchScreen.storyboard */ = {
			isa = PBXVariantGroup;
			children = (
				0A77E9AC1CC8BA1800586BC3 /* Base */,
			);
			name = LaunchScreen.storyboard;
			sourceTree = "<group>";
		};
/* End PBXVariantGroup section */

/* Begin XCBuildConfiguration section */
		0A77E9C51CC8BA1900586BC3 /* Debug */ = {
			isa = XCBuildConfiguration;
			buildSettings = {
				ALWAYS_SEARCH_USER_PATHS = NO;
				CLANG_CXX_LANGUAGE_STANDARD = "gnu++0x";
				CLANG_CXX_LIBRARY = "libc++";
				CLANG_ENABLE_MODULES = YES;
				CLANG_ENABLE_OBJC_ARC = YES;
				CLANG_WARN_BOOL_CONVERSION = YES;
				CLANG_WARN_CONSTANT_CONVERSION = YES;
				CLANG_WARN_DIRECT_OBJC_ISA_USAGE = YES_ERROR;
				CLANG_WARN_EMPTY_BODY = YES;
				CLANG_WARN_ENUM_CONVERSION = YES;
				CLANG_WARN_INT_CONVERSION = YES;
				CLANG_WARN_OBJC_ROOT_CLASS = YES_ERROR;
				CLANG_WARN_UNREACHABLE_CODE = YES;
				CLANG_WARN__DUPLICATE_METHOD_MATCH = YES;
				"CODE_SIGN_IDENTITY[sdk=iphoneos*]" = "iPhone Developer";
				COPY_PHASE_STRIP = NO;
				DEBUG_INFORMATION_FORMAT = dwarf;
				ENABLE_STRICT_OBJC_MSGSEND = YES;
				ENABLE_TESTABILITY = YES;
				GCC_C_LANGUAGE_STANDARD = gnu99;
				GCC_DYNAMIC_NO_PIC = NO;
				GCC_NO_COMMON_BLOCKS = YES;
				GCC_OPTIMIZATION_LEVEL = 0;
				GCC_PREPROCESSOR_DEFINITIONS = (
					"DEBUG=1",
					"$(inherited)",
				);
				GCC_WARN_64_TO_32_BIT_CONVERSION = YES;
				GCC_WARN_ABOUT_RETURN_TYPE = YES_ERROR;
				GCC_WARN_UNDECLARED_SELECTOR = YES;
				GCC_WARN_UNINITIALIZED_AUTOS = YES_AGGRESSIVE;
				GCC_WARN_UNUSED_FUNCTION = YES;
				GCC_WARN_UNUSED_VARIABLE = YES;
				IPHONEOS_DEPLOYMENT_TARGET = 9.2;
				MTL_ENABLE_DEBUG_INFO = YES;
				ONLY_ACTIVE_ARCH = YES;
				SDKROOT = iphoneos;
			};
			name = Debug;
		};
		0A77E9C61CC8BA1900586BC3 /* Release */ = {
			isa = XCBuildConfiguration;
			buildSettings = {
				ALWAYS_SEARCH_USER_PATHS = NO;
				CLANG_CXX_LANGUAGE_STANDARD = "gnu++0x";
				CLANG_CXX_LIBRARY = "libc++";
				CLANG_ENABLE_MODULES = YES;
				CLANG_ENABLE_OBJC_ARC = YES;
				CLANG_WARN_BOOL_CONVERSION = YES;
				CLANG_WARN_CONSTANT_CONVERSION = YES;
				CLANG_WARN_DIRECT_OBJC_ISA_USAGE = YES_ERROR;
				CLANG_WARN_EMPTY_BODY = YES;
				CLANG_WARN_ENUM_CONVERSION = YES;
				CLANG_WARN_INT_CONVERSION = YES;
				CLANG_WARN_OBJC_ROOT_CLASS = YES_ERROR;
				CLANG_WARN_UNREACHABLE_CODE = YES;
				CLANG_WARN__DUPLICATE_METHOD_MATCH = YES;
				"CODE_SIGN_IDENTITY[sdk=iphoneos*]" = "iPhone Developer";
				COPY_PHASE_STRIP = NO;
				DEBUG_INFORMATION_FORMAT = "dwarf-with-dsym";
				ENABLE_NS_ASSERTIONS = NO;
				ENABLE_STRICT_OBJC_MSGSEND = YES;
				GCC_C_LANGUAGE_STANDARD = gnu99;
				GCC_NO_COMMON_BLOCKS = YES;
				GCC_WARN_64_TO_32_BIT_CONVERSION = YES;
				GCC_WARN_ABOUT_RETURN_TYPE = YES_ERROR;
				GCC_WARN_UNDECLARED_SELECTOR = YES;
				GCC_WARN_UNINITIALIZED_AUTOS = YES_AGGRESSIVE;
				GCC_WARN_UNUSED_FUNCTION = YES;
				GCC_WARN_UNUSED_VARIABLE = YES;
				IPHONEOS_DEPLOYMENT_TARGET = 9.2;
				MTL_ENABLE_DEBUG_INFO = NO;
				SDKROOT = iphoneos;
				VALIDATE_PRODUCT = YES;
			};
			name = Release;
		};
		0A77E9C81CC8BA1900586BC3 /* Debug */ = {
			isa = XCBuildConfiguration;
			baseConfigurationReference = 701D9FA5A2AD26DC60E9B698 /* Pods.debug.xcconfig */;
			buildSettings = {
				ALWAYS_SEARCH_USER_PATHS = NO;
				ASSETCATALOG_COMPILER_APPICON_NAME = AppIcon;
				CODE_SIGN_ENTITLEMENTS = PayDemo/PayDemo.entitlements;
				FRAMEWORK_SEARCH_PATHS = (
					"$(inherited)",
					"$(PROJECT_DIR)/PayDemo/WeChatSDKExport1.6.1",
					"$(SRCROOT)/PayDemo/AliSDK2.0",
					"$(PROJECT_DIR)/PayDemo/AliSDK2.0",
				);
				GCC_PRECOMPILE_PREFIX_HEADER = YES;
				GCC_PREFIX_HEADER = PayDemo/PayDemoPrefixHeader.pch;
				HEADER_SEARCH_PATHS = "$(SRCROOT)/PayDemo/AliSDK2.0";
				INFOPLIST_FILE = PayDemo/Info.plist;
				LD_RUNPATH_SEARCH_PATHS = "$(inherited) @executable_path/Frameworks";
				LIBRARY_SEARCH_PATHS = (
					"$(inherited)",
					"$(PROJECT_DIR)/PayDemo/WeChatSDKExport1.6.1",
					"$(PROJECT_DIR)/PayDemo/AliSDK2.0",
					"$(SRCROOT)/PayDemo/AliSDK2.0",
					"$(SRCROOT)/PayDemo/AliSDK2.0/openssl",
					"$(PROJECT_DIR)/PayDemo/UPPaySDK/libs",
					"$(PROJECT_DIR)/PayDemo/paymentcontrol/libs",
				);
				ORDER_FILE = "";
				PRODUCT_BUNDLE_IDENTIFIER = com.likeme.PayDemo;
				PRODUCT_NAME = "$(TARGET_NAME)";
				USER_HEADER_SEARCH_PATHS = "";
			};
			name = Debug;
		};
		0A77E9C91CC8BA1900586BC3 /* Release */ = {
			isa = XCBuildConfiguration;
			baseConfigurationReference = 251D368264F8F1BAAD63F0F4 /* Pods.release.xcconfig */;
			buildSettings = {
				ALWAYS_SEARCH_USER_PATHS = NO;
				ASSETCATALOG_COMPILER_APPICON_NAME = AppIcon;
				CODE_SIGN_ENTITLEMENTS = PayDemo/PayDemo.entitlements;
				FRAMEWORK_SEARCH_PATHS = (
					"$(inherited)",
					"$(PROJECT_DIR)/PayDemo/WeChatSDKExport1.6.1",
					"$(SRCROOT)/PayDemo/AliSDK2.0",
					"$(PROJECT_DIR)/PayDemo/AliSDK2.0",
				);
				GCC_PRECOMPILE_PREFIX_HEADER = YES;
				GCC_PREFIX_HEADER = PayDemo/PayDemoPrefixHeader.pch;
				HEADER_SEARCH_PATHS = "$(SRCROOT)/PayDemo/AliSDK2.0";
				INFOPLIST_FILE = PayDemo/Info.plist;
				LD_RUNPATH_SEARCH_PATHS = "$(inherited) @executable_path/Frameworks";
				LIBRARY_SEARCH_PATHS = (
					"$(inherited)",
					"$(PROJECT_DIR)/PayDemo/WeChatSDKExport1.6.1",
					"$(PROJECT_DIR)/PayDemo/AliSDK2.0",
					"$(SRCROOT)/PayDemo/AliSDK2.0",
					"$(SRCROOT)/PayDemo/AliSDK2.0/openssl",
					"$(PROJECT_DIR)/PayDemo/UPPaySDK/libs",
					"$(PROJECT_DIR)/PayDemo/paymentcontrol/libs",
				);
				ORDER_FILE = "";
				PRODUCT_BUNDLE_IDENTIFIER = com.likeme.PayDemo;
				PRODUCT_NAME = "$(TARGET_NAME)";
				USER_HEADER_SEARCH_PATHS = "";
			};
			name = Release;
		};
		0A77E9CB1CC8BA1900586BC3 /* Debug */ = {
			isa = XCBuildConfiguration;
			buildSettings = {
				BUNDLE_LOADER = "$(TEST_HOST)";
				INFOPLIST_FILE = PayDemoTests/Info.plist;
				LD_RUNPATH_SEARCH_PATHS = "$(inherited) @executable_path/Frameworks @loader_path/Frameworks";
				PRODUCT_BUNDLE_IDENTIFIER = com.likeme.PayDemoTests;
				PRODUCT_NAME = "$(TARGET_NAME)";
				TEST_HOST = "$(BUILT_PRODUCTS_DIR)/PayDemo.app/PayDemo";
			};
			name = Debug;
		};
		0A77E9CC1CC8BA1900586BC3 /* Release */ = {
			isa = XCBuildConfiguration;
			buildSettings = {
				BUNDLE_LOADER = "$(TEST_HOST)";
				INFOPLIST_FILE = PayDemoTests/Info.plist;
				LD_RUNPATH_SEARCH_PATHS = "$(inherited) @executable_path/Frameworks @loader_path/Frameworks";
				PRODUCT_BUNDLE_IDENTIFIER = com.likeme.PayDemoTests;
				PRODUCT_NAME = "$(TARGET_NAME)";
				TEST_HOST = "$(BUILT_PRODUCTS_DIR)/PayDemo.app/PayDemo";
			};
			name = Release;
		};
		0A77E9CE1CC8BA1900586BC3 /* Debug */ = {
			isa = XCBuildConfiguration;
			buildSettings = {
				INFOPLIST_FILE = PayDemoUITests/Info.plist;
				LD_RUNPATH_SEARCH_PATHS = "$(inherited) @executable_path/Frameworks @loader_path/Frameworks";
				PRODUCT_BUNDLE_IDENTIFIER = com.likeme.PayDemoUITests;
				PRODUCT_NAME = "$(TARGET_NAME)";
				TEST_TARGET_NAME = PayDemo;
				USES_XCTRUNNER = YES;
			};
			name = Debug;
		};
		0A77E9CF1CC8BA1900586BC3 /* Release */ = {
			isa = XCBuildConfiguration;
			buildSettings = {
				INFOPLIST_FILE = PayDemoUITests/Info.plist;
				LD_RUNPATH_SEARCH_PATHS = "$(inherited) @executable_path/Frameworks @loader_path/Frameworks";
				PRODUCT_BUNDLE_IDENTIFIER = com.likeme.PayDemoUITests;
				PRODUCT_NAME = "$(TARGET_NAME)";
				TEST_TARGET_NAME = PayDemo;
				USES_XCTRUNNER = YES;
			};
			name = Release;
		};
/* End XCBuildConfiguration section */

/* Begin XCConfigurationList section */
		0A77E9951CC8BA1800586BC3 /* Build configuration list for PBXProject "PayDemo" */ = {
			isa = XCConfigurationList;
			buildConfigurations = (
				0A77E9C51CC8BA1900586BC3 /* Debug */,
				0A77E9C61CC8BA1900586BC3 /* Release */,
			);
			defaultConfigurationIsVisible = 0;
			defaultConfigurationName = Release;
		};
		0A77E9C71CC8BA1900586BC3 /* Build configuration list for PBXNativeTarget "PayDemo" */ = {
			isa = XCConfigurationList;
			buildConfigurations = (
				0A77E9C81CC8BA1900586BC3 /* Debug */,
				0A77E9C91CC8BA1900586BC3 /* Release */,
			);
			defaultConfigurationIsVisible = 0;
			defaultConfigurationName = Release;
		};
		0A77E9CA1CC8BA1900586BC3 /* Build configuration list for PBXNativeTarget "PayDemoTests" */ = {
			isa = XCConfigurationList;
			buildConfigurations = (
				0A77E9CB1CC8BA1900586BC3 /* Debug */,
				0A77E9CC1CC8BA1900586BC3 /* Release */,
			);
			defaultConfigurationIsVisible = 0;
			defaultConfigurationName = Release;
		};
		0A77E9CD1CC8BA1900586BC3 /* Build configuration list for PBXNativeTarget "PayDemoUITests" */ = {
			isa = XCConfigurationList;
			buildConfigurations = (
				0A77E9CE1CC8BA1900586BC3 /* Debug */,
				0A77E9CF1CC8BA1900586BC3 /* Release */,
			);
			defaultConfigurationIsVisible = 0;
			defaultConfigurationName = Release;
		};
/* End XCConfigurationList section */
	};
	rootObject = 0A77E9921CC8BA1800586BC3 /* Project object */;
}
